// !$*UTF8*$!
{
	archiveVersion = 1;
	classes = {
	};
	objectVersion = 51;
	objects = {

/* Begin PBXBuildFile section */
		1D6F65AD24BABD2900F3B5A9 /* RESTErrors.swift in Sources */ = {isa = PBXBuildFile; fileRef = 1D6F65AC24BABD2900F3B5A9 /* RESTErrors.swift */; };
		1D6F65AE24BAC2D000F3B5A9 /* FavoritesPresenter.swift in Sources */ = {isa = PBXBuildFile; fileRef = 1D71246424BAAC1B0047D53B /* FavoritesPresenter.swift */; };
		1D6F65AF24BAC2D000F3B5A9 /* FavoritesFactory.swift in Sources */ = {isa = PBXBuildFile; fileRef = 1D71246224BAAC1A0047D53B /* FavoritesFactory.swift */; };
		1D6F65B024BAC2D000F3B5A9 /* FavoritesWorker.swift in Sources */ = {isa = PBXBuildFile; fileRef = 1D71246124BAAC1A0047D53B /* FavoritesWorker.swift */; };
		1D6F65B124BAC2D000F3B5A9 /* FavoritesRouter.swift in Sources */ = {isa = PBXBuildFile; fileRef = 1D71246324BAAC1A0047D53B /* FavoritesRouter.swift */; };
		1D6F65B224BAC2D000F3B5A9 /* FavoritesModels.swift in Sources */ = {isa = PBXBuildFile; fileRef = 1D71246524BAAC1B0047D53B /* FavoritesModels.swift */; };
		1D6F65B324BAC2D000F3B5A9 /* FavoritesViewController.swift in Sources */ = {isa = PBXBuildFile; fileRef = 1D71246624BAAC1B0047D53B /* FavoritesViewController.swift */; };
		1D6F65B424BAC2D000F3B5A9 /* FavoritesInteractor.swift in Sources */ = {isa = PBXBuildFile; fileRef = 1D71246824BAAC1B0047D53B /* FavoritesInteractor.swift */; };
		1D6F65B524BAC2D000F3B5A9 /* FavoritesViewController.xib in Resources */ = {isa = PBXBuildFile; fileRef = 1D71246724BAAC1B0047D53B /* FavoritesViewController.xib */; };
		1D6F65B824BACD6F00F3B5A9 /* Timestamp.swift in Sources */ = {isa = PBXBuildFile; fileRef = 1D6F65B724BACD6F00F3B5A9 /* Timestamp.swift */; };
		1D6F65BA24BAD89400F3B5A9 /* MD5.swift in Sources */ = {isa = PBXBuildFile; fileRef = 1D6F65B924BAD89400F3B5A9 /* MD5.swift */; };
		1D71246C24BAAE3E0047D53B /* CharactersNetworkManager.swift in Sources */ = {isa = PBXBuildFile; fileRef = 1D71246A24BAAE3E0047D53B /* CharactersNetworkManager.swift */; };
		1D71246D24BAAE3E0047D53B /* CharactersAPI.swift in Sources */ = {isa = PBXBuildFile; fileRef = 1D71246B24BAAE3E0047D53B /* CharactersAPI.swift */; };
		1D71247924BAB69A0047D53B /* ComicsModel.swift in Sources */ = {isa = PBXBuildFile; fileRef = 1D71246F24BAB69A0047D53B /* ComicsModel.swift */; };
		1D71247A24BAB69A0047D53B /* ThumbnailModel.swift in Sources */ = {isa = PBXBuildFile; fileRef = 1D71247024BAB69A0047D53B /* ThumbnailModel.swift */; };
		1D71247B24BAB69A0047D53B /* UrlsModel.swift in Sources */ = {isa = PBXBuildFile; fileRef = 1D71247124BAB69A0047D53B /* UrlsModel.swift */; };
		1D71247C24BAB69A0047D53B /* CharacterModel.swift in Sources */ = {isa = PBXBuildFile; fileRef = 1D71247224BAB69A0047D53B /* CharacterModel.swift */; };
		1D71247D24BAB69A0047D53B /* EventsModel.swift in Sources */ = {isa = PBXBuildFile; fileRef = 1D71247324BAB69A0047D53B /* EventsModel.swift */; };
		1D71247E24BAB69A0047D53B /* ComicSummaryModel.swift in Sources */ = {isa = PBXBuildFile; fileRef = 1D71247424BAB69A0047D53B /* ComicSummaryModel.swift */; };
		1D71247F24BAB69A0047D53B /* CharacterDataContainerModel.swift in Sources */ = {isa = PBXBuildFile; fileRef = 1D71247524BAB69A0047D53B /* CharacterDataContainerModel.swift */; };
		1D71248024BAB69A0047D53B /* CharacterDataWrapperModel.swift in Sources */ = {isa = PBXBuildFile; fileRef = 1D71247624BAB69A0047D53B /* CharacterDataWrapperModel.swift */; };
		1D71248124BAB69A0047D53B /* SeriesModel.swift in Sources */ = {isa = PBXBuildFile; fileRef = 1D71247724BAB69A0047D53B /* SeriesModel.swift */; };
		1D71248224BAB69A0047D53B /* StoriesModel.swift in Sources */ = {isa = PBXBuildFile; fileRef = 1D71247824BAB69A0047D53B /* StoriesModel.swift */; };
		1D71248424BAB9370047D53B /* StorySummaryModel.swift in Sources */ = {isa = PBXBuildFile; fileRef = 1D71248324BAB9370047D53B /* StorySummaryModel.swift */; };
		1D71248624BAB9640047D53B /* SeriesSummaryModel.swift in Sources */ = {isa = PBXBuildFile; fileRef = 1D71248524BAB9630047D53B /* SeriesSummaryModel.swift */; };
		1D71248824BAB9A00047D53B /* EventSummaryModel.swift in Sources */ = {isa = PBXBuildFile; fileRef = 1D71248724BAB9A00047D53B /* EventSummaryModel.swift */; };
		1D76362324BAA03C003F08B3 /* AppDelegate.swift in Sources */ = {isa = PBXBuildFile; fileRef = 1D76362224BAA03C003F08B3 /* AppDelegate.swift */; };
		1D76362524BAA03C003F08B3 /* SceneDelegate.swift in Sources */ = {isa = PBXBuildFile; fileRef = 1D76362424BAA03C003F08B3 /* SceneDelegate.swift */; };
		1D76362D24BAA03C003F08B3 /* marvel_challenge.xcdatamodeld in Sources */ = {isa = PBXBuildFile; fileRef = 1D76362B24BAA03C003F08B3 /* marvel_challenge.xcdatamodeld */; };
		1D76362F24BAA041003F08B3 /* Assets.xcassets in Resources */ = {isa = PBXBuildFile; fileRef = 1D76362E24BAA041003F08B3 /* Assets.xcassets */; };
		1D76363224BAA041003F08B3 /* LaunchScreen.storyboard in Resources */ = {isa = PBXBuildFile; fileRef = 1D76363024BAA041003F08B3 /* LaunchScreen.storyboard */; };
		1D76363D24BAA042003F08B3 /* marvel_challengeTests.swift in Sources */ = {isa = PBXBuildFile; fileRef = 1D76363C24BAA042003F08B3 /* marvel_challengeTests.swift */; };
		1D76364824BAA042003F08B3 /* marvel_challengeUITests.swift in Sources */ = {isa = PBXBuildFile; fileRef = 1D76364724BAA042003F08B3 /* marvel_challengeUITests.swift */; };
		1D76366124BAA350003F08B3 /* RESTRequest.swift in Sources */ = {isa = PBXBuildFile; fileRef = 1D76365E24BAA350003F08B3 /* RESTRequest.swift */; };
		1D76366224BAA350003F08B3 /* RESTService.swift in Sources */ = {isa = PBXBuildFile; fileRef = 1D76365F24BAA350003F08B3 /* RESTService.swift */; };
		1D76366324BAA350003F08B3 /* HTTPMethod.swift in Sources */ = {isa = PBXBuildFile; fileRef = 1D76366024BAA350003F08B3 /* HTTPMethod.swift */; };
		1D76366A24BAA6C1003F08B3 /* CharactersPresenter.swift in Sources */ = {isa = PBXBuildFile; fileRef = 1D76366424BAA6C1003F08B3 /* CharactersPresenter.swift */; };
		1D76366B24BAA6C1003F08B3 /* CharactersWorker.swift in Sources */ = {isa = PBXBuildFile; fileRef = 1D76366524BAA6C1003F08B3 /* CharactersWorker.swift */; };
		1D76366C24BAA6C1003F08B3 /* CharactersRouter.swift in Sources */ = {isa = PBXBuildFile; fileRef = 1D76366624BAA6C1003F08B3 /* CharactersRouter.swift */; };
		1D76366D24BAA6C1003F08B3 /* CharactersModels.swift in Sources */ = {isa = PBXBuildFile; fileRef = 1D76366724BAA6C1003F08B3 /* CharactersModels.swift */; };
		1D76366E24BAA6C1003F08B3 /* CharactersViewController.swift in Sources */ = {isa = PBXBuildFile; fileRef = 1D76366824BAA6C1003F08B3 /* CharactersViewController.swift */; };
		1D76366F24BAA6C1003F08B3 /* CharactersInteractor.swift in Sources */ = {isa = PBXBuildFile; fileRef = 1D76366924BAA6C1003F08B3 /* CharactersInteractor.swift */; };
		1D76367324BAA715003F08B3 /* CharactersFactory.swift in Sources */ = {isa = PBXBuildFile; fileRef = 1D76367224BAA715003F08B3 /* CharactersFactory.swift */; };
		1D76367924BAA788003F08B3 /* MainTabBarController.swift in Sources */ = {isa = PBXBuildFile; fileRef = 1D76367824BAA788003F08B3 /* MainTabBarController.swift */; };
		1D8D2A7724BAA900001EC399 /* Default-568h@2x.png in Resources */ = {isa = PBXBuildFile; fileRef = 1D8D2A7624BAA900001EC399 /* Default-568h@2x.png */; };
		1D8DC87B24BD375D005BA6D0 /* LoadingView.swift in Sources */ = {isa = PBXBuildFile; fileRef = 1D8DC87A24BD375D005BA6D0 /* LoadingView.swift */; };
		1D8DC87E24BD3E5A005BA6D0 /* UIApplication+Extensions.swift in Sources */ = {isa = PBXBuildFile; fileRef = 1D8DC87D24BD3E59005BA6D0 /* UIApplication+Extensions.swift */; };
		1D919D5424BD4E8E00659AE1 /* CoreData.swift in Sources */ = {isa = PBXBuildFile; fileRef = 1D919D5324BD4E8E00659AE1 /* CoreData.swift */; };
		1D919D6B24BD52C800659AE1 /* CharacterEntity+CoreDataClass.swift in Sources */ = {isa = PBXBuildFile; fileRef = 1D919D6924BD52C800659AE1 /* CharacterEntity+CoreDataClass.swift */; };
		1D919D6C24BD52C800659AE1 /* CharacterEntity+CoreDataProperties.swift in Sources */ = {isa = PBXBuildFile; fileRef = 1D919D6A24BD52C800659AE1 /* CharacterEntity+CoreDataProperties.swift */; };
		1DB329BD24BB7F49001B4C90 /* MarvelNavigationTitle.swift in Sources */ = {isa = PBXBuildFile; fileRef = 1DB329BC24BB7F49001B4C90 /* MarvelNavigationTitle.swift */; };
		1DB329BF24BBDE1F001B4C90 /* FavoriteContextualAction.swift in Sources */ = {isa = PBXBuildFile; fileRef = 1DB329BE24BBDE1F001B4C90 /* FavoriteContextualAction.swift */; };
		40554EF9BAFD75C9EB14B4E3 /* Pods_marvel_challenge.framework in Frameworks */ = {isa = PBXBuildFile; fileRef = CA043014F60F4E5FA0BB47D1 /* Pods_marvel_challenge.framework */; };
		B8B7801E8AF1FF53BB047045 /* Pods_marvel_challenge_marvel_challengeUITests.framework in Frameworks */ = {isa = PBXBuildFile; fileRef = BB072EA4692C3899C1642008 /* Pods_marvel_challenge_marvel_challengeUITests.framework */; };
		D96D3B52950B6B464034951F /* Pods_marvel_challengeTests.framework in Frameworks */ = {isa = PBXBuildFile; fileRef = B768F76B1A77B18AC2F77950 /* Pods_marvel_challengeTests.framework */; };
/* End PBXBuildFile section */

/* Begin PBXContainerItemProxy section */
		1D76363924BAA042003F08B3 /* PBXContainerItemProxy */ = {
			isa = PBXContainerItemProxy;
			containerPortal = 1D76361724BAA03C003F08B3 /* Project object */;
			proxyType = 1;
			remoteGlobalIDString = 1D76361E24BAA03C003F08B3;
			remoteInfo = "marvel-challenge";
		};
		1D76364424BAA042003F08B3 /* PBXContainerItemProxy */ = {
			isa = PBXContainerItemProxy;
			containerPortal = 1D76361724BAA03C003F08B3 /* Project object */;
			proxyType = 1;
			remoteGlobalIDString = 1D76361E24BAA03C003F08B3;
			remoteInfo = "marvel-challenge";
		};
/* End PBXContainerItemProxy section */

/* Begin PBXFileReference section */
		0D6C954D979BD96FCAD5C2BE /* Pods-marvel-challengeTests.release.xcconfig */ = {isa = PBXFileReference; includeInIndex = 1; lastKnownFileType = text.xcconfig; name = "Pods-marvel-challengeTests.release.xcconfig"; path = "Target Support Files/Pods-marvel-challengeTests/Pods-marvel-challengeTests.release.xcconfig"; sourceTree = "<group>"; };
		1D6F65AC24BABD2900F3B5A9 /* RESTErrors.swift */ = {isa = PBXFileReference; lastKnownFileType = sourcecode.swift; path = RESTErrors.swift; sourceTree = "<group>"; };
		1D6F65B724BACD6F00F3B5A9 /* Timestamp.swift */ = {isa = PBXFileReference; lastKnownFileType = sourcecode.swift; path = Timestamp.swift; sourceTree = "<group>"; };
		1D6F65B924BAD89400F3B5A9 /* MD5.swift */ = {isa = PBXFileReference; lastKnownFileType = sourcecode.swift; path = MD5.swift; sourceTree = "<group>"; };
		1D71246124BAAC1A0047D53B /* FavoritesWorker.swift */ = {isa = PBXFileReference; lastKnownFileType = sourcecode.swift; path = FavoritesWorker.swift; sourceTree = "<group>"; };
		1D71246224BAAC1A0047D53B /* FavoritesFactory.swift */ = {isa = PBXFileReference; lastKnownFileType = sourcecode.swift; path = FavoritesFactory.swift; sourceTree = "<group>"; };
		1D71246324BAAC1A0047D53B /* FavoritesRouter.swift */ = {isa = PBXFileReference; lastKnownFileType = sourcecode.swift; path = FavoritesRouter.swift; sourceTree = "<group>"; };
		1D71246424BAAC1B0047D53B /* FavoritesPresenter.swift */ = {isa = PBXFileReference; lastKnownFileType = sourcecode.swift; path = FavoritesPresenter.swift; sourceTree = "<group>"; };
		1D71246524BAAC1B0047D53B /* FavoritesModels.swift */ = {isa = PBXFileReference; lastKnownFileType = sourcecode.swift; path = FavoritesModels.swift; sourceTree = "<group>"; };
		1D71246624BAAC1B0047D53B /* FavoritesViewController.swift */ = {isa = PBXFileReference; lastKnownFileType = sourcecode.swift; path = FavoritesViewController.swift; sourceTree = "<group>"; };
		1D71246724BAAC1B0047D53B /* FavoritesViewController.xib */ = {isa = PBXFileReference; lastKnownFileType = file.xib; path = FavoritesViewController.xib; sourceTree = "<group>"; };
		1D71246824BAAC1B0047D53B /* FavoritesInteractor.swift */ = {isa = PBXFileReference; lastKnownFileType = sourcecode.swift; path = FavoritesInteractor.swift; sourceTree = "<group>"; };
		1D71246A24BAAE3E0047D53B /* CharactersNetworkManager.swift */ = {isa = PBXFileReference; fileEncoding = 4; lastKnownFileType = sourcecode.swift; name = CharactersNetworkManager.swift; path = ../../../../../../../Downloads/Quiz/QuizChallenge/QuizChallenge/Scenes/Quiz/Manager/CharactersNetworkManager.swift; sourceTree = "<group>"; };
		1D71246B24BAAE3E0047D53B /* CharactersAPI.swift */ = {isa = PBXFileReference; fileEncoding = 4; lastKnownFileType = sourcecode.swift; name = CharactersAPI.swift; path = ../../../../../../../Downloads/Quiz/QuizChallenge/QuizChallenge/Scenes/Quiz/Manager/CharactersAPI.swift; sourceTree = "<group>"; };
		1D71246F24BAB69A0047D53B /* ComicsModel.swift */ = {isa = PBXFileReference; fileEncoding = 4; lastKnownFileType = sourcecode.swift; name = ComicsModel.swift; path = ../../../../../../../Downloads/codegen_5f0a7ecdd6369/ComicsModel.swift; sourceTree = "<group>"; };
		1D71247024BAB69A0047D53B /* ThumbnailModel.swift */ = {isa = PBXFileReference; fileEncoding = 4; lastKnownFileType = sourcecode.swift; name = ThumbnailModel.swift; path = ../../../../../../../Downloads/codegen_5f0a7ecdd6369/ThumbnailModel.swift; sourceTree = "<group>"; };
		1D71247124BAB69A0047D53B /* UrlsModel.swift */ = {isa = PBXFileReference; fileEncoding = 4; lastKnownFileType = sourcecode.swift; name = UrlsModel.swift; path = ../../../../../../../Downloads/codegen_5f0a7ecdd6369/UrlsModel.swift; sourceTree = "<group>"; };
		1D71247224BAB69A0047D53B /* CharacterModel.swift */ = {isa = PBXFileReference; fileEncoding = 4; lastKnownFileType = sourcecode.swift; name = CharacterModel.swift; path = ../../../../../../../Downloads/codegen_5f0a7ecdd6369/CharacterModel.swift; sourceTree = "<group>"; };
		1D71247324BAB69A0047D53B /* EventsModel.swift */ = {isa = PBXFileReference; fileEncoding = 4; lastKnownFileType = sourcecode.swift; name = EventsModel.swift; path = ../../../../../../../Downloads/codegen_5f0a7ecdd6369/EventsModel.swift; sourceTree = "<group>"; };
		1D71247424BAB69A0047D53B /* ComicSummaryModel.swift */ = {isa = PBXFileReference; fileEncoding = 4; lastKnownFileType = sourcecode.swift; name = ComicSummaryModel.swift; path = ../../../../../../../Downloads/codegen_5f0a7ecdd6369/ComicSummaryModel.swift; sourceTree = "<group>"; };
		1D71247524BAB69A0047D53B /* CharacterDataContainerModel.swift */ = {isa = PBXFileReference; fileEncoding = 4; lastKnownFileType = sourcecode.swift; name = CharacterDataContainerModel.swift; path = ../../../../../../../Downloads/codegen_5f0a7ecdd6369/CharacterDataContainerModel.swift; sourceTree = "<group>"; };
		1D71247624BAB69A0047D53B /* CharacterDataWrapperModel.swift */ = {isa = PBXFileReference; fileEncoding = 4; lastKnownFileType = sourcecode.swift; name = CharacterDataWrapperModel.swift; path = ../../../../../../../Downloads/codegen_5f0a7ecdd6369/CharacterDataWrapperModel.swift; sourceTree = "<group>"; };
		1D71247724BAB69A0047D53B /* SeriesModel.swift */ = {isa = PBXFileReference; fileEncoding = 4; lastKnownFileType = sourcecode.swift; name = SeriesModel.swift; path = ../../../../../../../Downloads/codegen_5f0a7ecdd6369/SeriesModel.swift; sourceTree = "<group>"; };
		1D71247824BAB69A0047D53B /* StoriesModel.swift */ = {isa = PBXFileReference; fileEncoding = 4; lastKnownFileType = sourcecode.swift; name = StoriesModel.swift; path = ../../../../../../../Downloads/codegen_5f0a7ecdd6369/StoriesModel.swift; sourceTree = "<group>"; };
		1D71248324BAB9370047D53B /* StorySummaryModel.swift */ = {isa = PBXFileReference; lastKnownFileType = sourcecode.swift; path = StorySummaryModel.swift; sourceTree = "<group>"; };
		1D71248524BAB9630047D53B /* SeriesSummaryModel.swift */ = {isa = PBXFileReference; lastKnownFileType = sourcecode.swift; path = SeriesSummaryModel.swift; sourceTree = "<group>"; };
		1D71248724BAB9A00047D53B /* EventSummaryModel.swift */ = {isa = PBXFileReference; lastKnownFileType = sourcecode.swift; path = EventSummaryModel.swift; sourceTree = "<group>"; };
		1D76361F24BAA03C003F08B3 /* marvel-challenge.app */ = {isa = PBXFileReference; explicitFileType = wrapper.application; includeInIndex = 0; path = "marvel-challenge.app"; sourceTree = BUILT_PRODUCTS_DIR; };
		1D76362224BAA03C003F08B3 /* AppDelegate.swift */ = {isa = PBXFileReference; lastKnownFileType = sourcecode.swift; path = AppDelegate.swift; sourceTree = "<group>"; };
		1D76362424BAA03C003F08B3 /* SceneDelegate.swift */ = {isa = PBXFileReference; lastKnownFileType = sourcecode.swift; path = SceneDelegate.swift; sourceTree = "<group>"; };
		1D76362C24BAA03C003F08B3 /* marvel_challenge.xcdatamodel */ = {isa = PBXFileReference; lastKnownFileType = wrapper.xcdatamodel; path = marvel_challenge.xcdatamodel; sourceTree = "<group>"; };
		1D76362E24BAA041003F08B3 /* Assets.xcassets */ = {isa = PBXFileReference; lastKnownFileType = folder.assetcatalog; path = Assets.xcassets; sourceTree = "<group>"; };
		1D76363124BAA041003F08B3 /* Base */ = {isa = PBXFileReference; lastKnownFileType = file.storyboard; name = Base; path = Base.lproj/LaunchScreen.storyboard; sourceTree = "<group>"; };
		1D76363324BAA041003F08B3 /* Info.plist */ = {isa = PBXFileReference; lastKnownFileType = text.plist.xml; path = Info.plist; sourceTree = "<group>"; };
		1D76363824BAA042003F08B3 /* marvel-challengeTests.xctest */ = {isa = PBXFileReference; explicitFileType = wrapper.cfbundle; includeInIndex = 0; path = "marvel-challengeTests.xctest"; sourceTree = BUILT_PRODUCTS_DIR; };
		1D76363C24BAA042003F08B3 /* marvel_challengeTests.swift */ = {isa = PBXFileReference; lastKnownFileType = sourcecode.swift; path = marvel_challengeTests.swift; sourceTree = "<group>"; };
		1D76363E24BAA042003F08B3 /* Info.plist */ = {isa = PBXFileReference; lastKnownFileType = text.plist.xml; path = Info.plist; sourceTree = "<group>"; };
		1D76364324BAA042003F08B3 /* marvel-challengeUITests.xctest */ = {isa = PBXFileReference; explicitFileType = wrapper.cfbundle; includeInIndex = 0; path = "marvel-challengeUITests.xctest"; sourceTree = BUILT_PRODUCTS_DIR; };
		1D76364724BAA042003F08B3 /* marvel_challengeUITests.swift */ = {isa = PBXFileReference; lastKnownFileType = sourcecode.swift; path = marvel_challengeUITests.swift; sourceTree = "<group>"; };
		1D76364924BAA042003F08B3 /* Info.plist */ = {isa = PBXFileReference; lastKnownFileType = text.plist.xml; path = Info.plist; sourceTree = "<group>"; };
		1D76365E24BAA350003F08B3 /* RESTRequest.swift */ = {isa = PBXFileReference; fileEncoding = 4; lastKnownFileType = sourcecode.swift; path = RESTRequest.swift; sourceTree = "<group>"; };
		1D76365F24BAA350003F08B3 /* RESTService.swift */ = {isa = PBXFileReference; fileEncoding = 4; lastKnownFileType = sourcecode.swift; path = RESTService.swift; sourceTree = "<group>"; };
		1D76366024BAA350003F08B3 /* HTTPMethod.swift */ = {isa = PBXFileReference; fileEncoding = 4; lastKnownFileType = sourcecode.swift; path = HTTPMethod.swift; sourceTree = "<group>"; };
		1D76366424BAA6C1003F08B3 /* CharactersPresenter.swift */ = {isa = PBXFileReference; lastKnownFileType = sourcecode.swift; path = CharactersPresenter.swift; sourceTree = "<group>"; };
		1D76366524BAA6C1003F08B3 /* CharactersWorker.swift */ = {isa = PBXFileReference; lastKnownFileType = sourcecode.swift; path = CharactersWorker.swift; sourceTree = "<group>"; };
		1D76366624BAA6C1003F08B3 /* CharactersRouter.swift */ = {isa = PBXFileReference; lastKnownFileType = sourcecode.swift; path = CharactersRouter.swift; sourceTree = "<group>"; };
		1D76366724BAA6C1003F08B3 /* CharactersModels.swift */ = {isa = PBXFileReference; lastKnownFileType = sourcecode.swift; path = CharactersModels.swift; sourceTree = "<group>"; };
		1D76366824BAA6C1003F08B3 /* CharactersViewController.swift */ = {isa = PBXFileReference; lastKnownFileType = sourcecode.swift; path = CharactersViewController.swift; sourceTree = "<group>"; };
		1D76366924BAA6C1003F08B3 /* CharactersInteractor.swift */ = {isa = PBXFileReference; lastKnownFileType = sourcecode.swift; path = CharactersInteractor.swift; sourceTree = "<group>"; };
		1D76367024BAA6CD003F08B3 /* CharactersViewController.xib */ = {isa = PBXFileReference; lastKnownFileType = file.xib; path = CharactersViewController.xib; sourceTree = "<group>"; };
		1D76367224BAA715003F08B3 /* CharactersFactory.swift */ = {isa = PBXFileReference; lastKnownFileType = sourcecode.swift; path = CharactersFactory.swift; sourceTree = "<group>"; };
		1D76367824BAA788003F08B3 /* MainTabBarController.swift */ = {isa = PBXFileReference; lastKnownFileType = sourcecode.swift; path = MainTabBarController.swift; sourceTree = "<group>"; };
		1D8D2A7624BAA900001EC399 /* Default-568h@2x.png */ = {isa = PBXFileReference; lastKnownFileType = image.png; path = "Default-568h@2x.png"; sourceTree = "<group>"; };
		1D8DC87A24BD375D005BA6D0 /* LoadingView.swift */ = {isa = PBXFileReference; lastKnownFileType = sourcecode.swift; path = LoadingView.swift; sourceTree = "<group>"; };
		1D8DC87D24BD3E59005BA6D0 /* UIApplication+Extensions.swift */ = {isa = PBXFileReference; lastKnownFileType = sourcecode.swift; path = "UIApplication+Extensions.swift"; sourceTree = "<group>"; };
		1D919D5324BD4E8E00659AE1 /* CoreData.swift */ = {isa = PBXFileReference; lastKnownFileType = sourcecode.swift; path = CoreData.swift; sourceTree = "<group>"; };
		1D919D6924BD52C800659AE1 /* CharacterEntity+CoreDataClass.swift */ = {isa = PBXFileReference; lastKnownFileType = sourcecode.swift; path = "CharacterEntity+CoreDataClass.swift"; sourceTree = "<group>"; };
		1D919D6A24BD52C800659AE1 /* CharacterEntity+CoreDataProperties.swift */ = {isa = PBXFileReference; lastKnownFileType = sourcecode.swift; path = "CharacterEntity+CoreDataProperties.swift"; sourceTree = "<group>"; };
		1DB329BC24BB7F49001B4C90 /* MarvelNavigationTitle.swift */ = {isa = PBXFileReference; lastKnownFileType = sourcecode.swift; path = MarvelNavigationTitle.swift; sourceTree = "<group>"; };
		1DB329BE24BBDE1F001B4C90 /* FavoriteContextualAction.swift */ = {isa = PBXFileReference; lastKnownFileType = sourcecode.swift; path = FavoriteContextualAction.swift; sourceTree = "<group>"; };
		272D38A53B7B923AE8F04617 /* Pods-marvel-challengeTests.debug.xcconfig */ = {isa = PBXFileReference; includeInIndex = 1; lastKnownFileType = text.xcconfig; name = "Pods-marvel-challengeTests.debug.xcconfig"; path = "Target Support Files/Pods-marvel-challengeTests/Pods-marvel-challengeTests.debug.xcconfig"; sourceTree = "<group>"; };
		3C6EDB5DA018F2BD06BE3DA0 /* Pods-marvel-challenge.debug.xcconfig */ = {isa = PBXFileReference; includeInIndex = 1; lastKnownFileType = text.xcconfig; name = "Pods-marvel-challenge.debug.xcconfig"; path = "Target Support Files/Pods-marvel-challenge/Pods-marvel-challenge.debug.xcconfig"; sourceTree = "<group>"; };
		5C167842AD65F850FA417A24 /* Pods-marvel-challenge.release.xcconfig */ = {isa = PBXFileReference; includeInIndex = 1; lastKnownFileType = text.xcconfig; name = "Pods-marvel-challenge.release.xcconfig"; path = "Target Support Files/Pods-marvel-challenge/Pods-marvel-challenge.release.xcconfig"; sourceTree = "<group>"; };
		9EF379D1D4DFD1D503713C17 /* Pods-marvel-challenge-marvel-challengeUITests.debug.xcconfig */ = {isa = PBXFileReference; includeInIndex = 1; lastKnownFileType = text.xcconfig; name = "Pods-marvel-challenge-marvel-challengeUITests.debug.xcconfig"; path = "Target Support Files/Pods-marvel-challenge-marvel-challengeUITests/Pods-marvel-challenge-marvel-challengeUITests.debug.xcconfig"; sourceTree = "<group>"; };
		B768F76B1A77B18AC2F77950 /* Pods_marvel_challengeTests.framework */ = {isa = PBXFileReference; explicitFileType = wrapper.framework; includeInIndex = 0; path = Pods_marvel_challengeTests.framework; sourceTree = BUILT_PRODUCTS_DIR; };
		BB072EA4692C3899C1642008 /* Pods_marvel_challenge_marvel_challengeUITests.framework */ = {isa = PBXFileReference; explicitFileType = wrapper.framework; includeInIndex = 0; path = Pods_marvel_challenge_marvel_challengeUITests.framework; sourceTree = BUILT_PRODUCTS_DIR; };
		CA043014F60F4E5FA0BB47D1 /* Pods_marvel_challenge.framework */ = {isa = PBXFileReference; explicitFileType = wrapper.framework; includeInIndex = 0; path = Pods_marvel_challenge.framework; sourceTree = BUILT_PRODUCTS_DIR; };
		D461CF258ADC50B424CF3908 /* Pods-marvel-challenge-marvel-challengeUITests.release.xcconfig */ = {isa = PBXFileReference; includeInIndex = 1; lastKnownFileType = text.xcconfig; name = "Pods-marvel-challenge-marvel-challengeUITests.release.xcconfig"; path = "Target Support Files/Pods-marvel-challenge-marvel-challengeUITests/Pods-marvel-challenge-marvel-challengeUITests.release.xcconfig"; sourceTree = "<group>"; };
/* End PBXFileReference section */

/* Begin PBXFrameworksBuildPhase section */
		1D76361C24BAA03C003F08B3 /* Frameworks */ = {
			isa = PBXFrameworksBuildPhase;
			buildActionMask = 2147483647;
			files = (
				40554EF9BAFD75C9EB14B4E3 /* Pods_marvel_challenge.framework in Frameworks */,
			);
			runOnlyForDeploymentPostprocessing = 0;
		};
		1D76363524BAA042003F08B3 /* Frameworks */ = {
			isa = PBXFrameworksBuildPhase;
			buildActionMask = 2147483647;
			files = (
				D96D3B52950B6B464034951F /* Pods_marvel_challengeTests.framework in Frameworks */,
			);
			runOnlyForDeploymentPostprocessing = 0;
		};
		1D76364024BAA042003F08B3 /* Frameworks */ = {
			isa = PBXFrameworksBuildPhase;
			buildActionMask = 2147483647;
			files = (
				B8B7801E8AF1FF53BB047045 /* Pods_marvel_challenge_marvel_challengeUITests.framework in Frameworks */,
			);
			runOnlyForDeploymentPostprocessing = 0;
		};
/* End PBXFrameworksBuildPhase section */

/* Begin PBXGroup section */
		1D6F65B624BACD5C00F3B5A9 /* Helpers */ = {
			isa = PBXGroup;
			children = (
				1D6F65B924BAD89400F3B5A9 /* MD5.swift */,
				1D6F65B724BACD6F00F3B5A9 /* Timestamp.swift */,
			);
			path = Helpers;
			sourceTree = "<group>";
		};
		1D71246024BAAB8C0047D53B /* Characters */ = {
			isa = PBXGroup;
			children = (
				1D71246E24BAB6850047D53B /* Models */,
				1D71246924BAAE270047D53B /* Manager */,
				1D76366424BAA6C1003F08B3 /* CharactersPresenter.swift */,
				1D76367224BAA715003F08B3 /* CharactersFactory.swift */,
				1D76366524BAA6C1003F08B3 /* CharactersWorker.swift */,
				1D76366624BAA6C1003F08B3 /* CharactersRouter.swift */,
				1D76366724BAA6C1003F08B3 /* CharactersModels.swift */,
				1D76366824BAA6C1003F08B3 /* CharactersViewController.swift */,
				1D76366924BAA6C1003F08B3 /* CharactersInteractor.swift */,
				1D76367024BAA6CD003F08B3 /* CharactersViewController.xib */,
			);
			path = Characters;
			sourceTree = "<group>";
		};
		1D71246924BAAE270047D53B /* Manager */ = {
			isa = PBXGroup;
			children = (
				1D71246A24BAAE3E0047D53B /* CharactersNetworkManager.swift */,
				1D71246B24BAAE3E0047D53B /* CharactersAPI.swift */,
			);
			path = Manager;
			sourceTree = "<group>";
		};
		1D71246E24BAB6850047D53B /* Models */ = {
			isa = PBXGroup;
			children = (
				1D71246F24BAB69A0047D53B /* ComicsModel.swift */,
				1D71247524BAB69A0047D53B /* CharacterDataContainerModel.swift */,
				1D71247324BAB69A0047D53B /* EventsModel.swift */,
				1D71248724BAB9A00047D53B /* EventSummaryModel.swift */,
				1D71247424BAB69A0047D53B /* ComicSummaryModel.swift */,
				1D71247624BAB69A0047D53B /* CharacterDataWrapperModel.swift */,
				1D71247224BAB69A0047D53B /* CharacterModel.swift */,
				1D71247724BAB69A0047D53B /* SeriesModel.swift */,
				1D71248524BAB9630047D53B /* SeriesSummaryModel.swift */,
				1D71247824BAB69A0047D53B /* StoriesModel.swift */,
				1D71248324BAB9370047D53B /* StorySummaryModel.swift */,
				1D71247024BAB69A0047D53B /* ThumbnailModel.swift */,
				1D71247124BAB69A0047D53B /* UrlsModel.swift */,
			);
			path = Models;
			sourceTree = "<group>";
		};
		1D76361624BAA03C003F08B3 = {
			isa = PBXGroup;
			children = (
				1D8D2A7624BAA900001EC399 /* Default-568h@2x.png */,
				1D76362124BAA03C003F08B3 /* marvel-challenge */,
				1D76362024BAA03C003F08B3 /* Products */,
				467920571CF378591C187EC2 /* Pods */,
				3A8AE01C4EC81C9542807A10 /* Frameworks */,
			);
			sourceTree = "<group>";
		};
		1D76362024BAA03C003F08B3 /* Products */ = {
			isa = PBXGroup;
			children = (
				1D76361F24BAA03C003F08B3 /* marvel-challenge.app */,
				1D76363824BAA042003F08B3 /* marvel-challengeTests.xctest */,
				1D76364324BAA042003F08B3 /* marvel-challengeUITests.xctest */,
			);
			name = Products;
			sourceTree = "<group>";
		};
		1D76362124BAA03C003F08B3 /* marvel-challenge */ = {
			isa = PBXGroup;
			children = (
				1D76365524BAA098003F08B3 /* Common */,
				1D76365824BAA0CF003F08B3 /* Base */,
				1D76365724BAA0CA003F08B3 /* Scenes */,
				1D76365624BAA0A6003F08B3 /* Assets */,
				1D76365924BAA0DF003F08B3 /* Tests */,
				1D76362B24BAA03C003F08B3 /* marvel_challenge.xcdatamodeld */,
			);
			path = "marvel-challenge";
			sourceTree = "<group>";
		};
		1D76363B24BAA042003F08B3 /* marvel-challengeTests */ = {
			isa = PBXGroup;
			children = (
				1D76363C24BAA042003F08B3 /* marvel_challengeTests.swift */,
				1D76363E24BAA042003F08B3 /* Info.plist */,
			);
			path = "marvel-challengeTests";
			sourceTree = "<group>";
		};
		1D76364624BAA042003F08B3 /* marvel-challengeUITests */ = {
			isa = PBXGroup;
			children = (
				1D76364724BAA042003F08B3 /* marvel_challengeUITests.swift */,
				1D76364924BAA042003F08B3 /* Info.plist */,
			);
			path = "marvel-challengeUITests";
			sourceTree = "<group>";
		};
		1D76365524BAA098003F08B3 /* Common */ = {
			isa = PBXGroup;
			children = (
				1D919D4924BD4E4600659AE1 /* Models */,
				1D8DC87C24BD3E41005BA6D0 /* Extensions */,
				1D6F65B624BACD5C00F3B5A9 /* Helpers */,
				1D76367524BAA763003F08B3 /* UI */,
				1D76365A24BAA30D003F08B3 /* Modules */,
			);
			path = Common;
			sourceTree = "<group>";
		};
		1D76365624BAA0A6003F08B3 /* Assets */ = {
			isa = PBXGroup;
			children = (
				1D76362E24BAA041003F08B3 /* Assets.xcassets */,
			);
			path = Assets;
			sourceTree = "<group>";
		};
		1D76365724BAA0CA003F08B3 /* Scenes */ = {
			isa = PBXGroup;
			children = (
				1D71246024BAAB8C0047D53B /* Characters */,
				1D76367624BAA76C003F08B3 /* MainTabBar */,
				1D76367424BAA742003F08B3 /* Favorites */,
			);
			path = Scenes;
			sourceTree = "<group>";
		};
		1D76365824BAA0CF003F08B3 /* Base */ = {
			isa = PBXGroup;
			children = (
				1D76362424BAA03C003F08B3 /* SceneDelegate.swift */,
				1D76363024BAA041003F08B3 /* LaunchScreen.storyboard */,
				1D76362224BAA03C003F08B3 /* AppDelegate.swift */,
				1D76363324BAA041003F08B3 /* Info.plist */,
			);
			path = Base;
			sourceTree = "<group>";
		};
		1D76365924BAA0DF003F08B3 /* Tests */ = {
			isa = PBXGroup;
			children = (
				1D76363B24BAA042003F08B3 /* marvel-challengeTests */,
				1D76364624BAA042003F08B3 /* marvel-challengeUITests */,
			);
			path = Tests;
			sourceTree = "<group>";
		};
		1D76365A24BAA30D003F08B3 /* Modules */ = {
			isa = PBXGroup;
			children = (
				1D919D5224BD4E8100659AE1 /* DataPersistence */,
				1D76365D24BAA33E003F08B3 /* RESTService */,
			);
			path = Modules;
			sourceTree = "<group>";
		};
		1D76365D24BAA33E003F08B3 /* RESTService */ = {
			isa = PBXGroup;
			children = (
				1D76365E24BAA350003F08B3 /* RESTRequest.swift */,
				1D76365F24BAA350003F08B3 /* RESTService.swift */,
				1D6F65AC24BABD2900F3B5A9 /* RESTErrors.swift */,
				1D76366024BAA350003F08B3 /* HTTPMethod.swift */,
			);
			path = RESTService;
			sourceTree = "<group>";
		};
		1D76367424BAA742003F08B3 /* Favorites */ = {
			isa = PBXGroup;
			children = (
				1D71246424BAAC1B0047D53B /* FavoritesPresenter.swift */,
				1D71246224BAAC1A0047D53B /* FavoritesFactory.swift */,
				1D71246124BAAC1A0047D53B /* FavoritesWorker.swift */,
				1D71246324BAAC1A0047D53B /* FavoritesRouter.swift */,
				1D71246524BAAC1B0047D53B /* FavoritesModels.swift */,
				1D71246624BAAC1B0047D53B /* FavoritesViewController.swift */,
				1D71246824BAAC1B0047D53B /* FavoritesInteractor.swift */,
				1D71246724BAAC1B0047D53B /* FavoritesViewController.xib */,
			);
			path = Favorites;
			sourceTree = "<group>";
		};
		1D76367524BAA763003F08B3 /* UI */ = {
			isa = PBXGroup;
			children = (
				1DB329BC24BB7F49001B4C90 /* MarvelNavigationTitle.swift */,
				1DB329BE24BBDE1F001B4C90 /* FavoriteContextualAction.swift */,
				1D8DC87A24BD375D005BA6D0 /* LoadingView.swift */,
			);
			path = UI;
			sourceTree = "<group>";
		};
		1D76367624BAA76C003F08B3 /* MainTabBar */ = {
			isa = PBXGroup;
			children = (
				1D76367824BAA788003F08B3 /* MainTabBarController.swift */,
			);
			path = MainTabBar;
			sourceTree = "<group>";
		};
		1D8DC87C24BD3E41005BA6D0 /* Extensions */ = {
			isa = PBXGroup;
			children = (
				1D8DC87D24BD3E59005BA6D0 /* UIApplication+Extensions.swift */,
			);
			path = Extensions;
			sourceTree = "<group>";
		};
		1D919D4924BD4E4600659AE1 /* Models */ = {
			isa = PBXGroup;
			children = (
				1D919D6924BD52C800659AE1 /* CharacterEntity+CoreDataClass.swift */,
				1D919D6A24BD52C800659AE1 /* CharacterEntity+CoreDataProperties.swift */,
			);
			path = Models;
			sourceTree = "<group>";
		};
		1D919D5224BD4E8100659AE1 /* DataPersistence */ = {
			isa = PBXGroup;
			children = (
				1D919D5324BD4E8E00659AE1 /* CoreData.swift */,
			);
			path = DataPersistence;
			sourceTree = "<group>";
		};
		3A8AE01C4EC81C9542807A10 /* Frameworks */ = {
			isa = PBXGroup;
			children = (
				CA043014F60F4E5FA0BB47D1 /* Pods_marvel_challenge.framework */,
				BB072EA4692C3899C1642008 /* Pods_marvel_challenge_marvel_challengeUITests.framework */,
				B768F76B1A77B18AC2F77950 /* Pods_marvel_challengeTests.framework */,
			);
			name = Frameworks;
			sourceTree = "<group>";
		};
		467920571CF378591C187EC2 /* Pods */ = {
			isa = PBXGroup;
			children = (
				3C6EDB5DA018F2BD06BE3DA0 /* Pods-marvel-challenge.debug.xcconfig */,
				5C167842AD65F850FA417A24 /* Pods-marvel-challenge.release.xcconfig */,
				9EF379D1D4DFD1D503713C17 /* Pods-marvel-challenge-marvel-challengeUITests.debug.xcconfig */,
				D461CF258ADC50B424CF3908 /* Pods-marvel-challenge-marvel-challengeUITests.release.xcconfig */,
				272D38A53B7B923AE8F04617 /* Pods-marvel-challengeTests.debug.xcconfig */,
				0D6C954D979BD96FCAD5C2BE /* Pods-marvel-challengeTests.release.xcconfig */,
			);
			path = Pods;
			sourceTree = "<group>";
		};
/* End PBXGroup section */

/* Begin PBXNativeTarget section */
		1D76361E24BAA03C003F08B3 /* marvel-challenge */ = {
			isa = PBXNativeTarget;
			buildConfigurationList = 1D76364C24BAA042003F08B3 /* Build configuration list for PBXNativeTarget "marvel-challenge" */;
			buildPhases = (
				FAF3643D41DD972C97FEBA99 /* [CP] Check Pods Manifest.lock */,
				1D76361B24BAA03C003F08B3 /* Sources */,
				1D76361C24BAA03C003F08B3 /* Frameworks */,
				1D76361D24BAA03C003F08B3 /* Resources */,
				E4BCE7B5577D1A5741DFB6EC /* [CP] Embed Pods Frameworks */,
			);
			buildRules = (
			);
			dependencies = (
			);
			name = "marvel-challenge";
			productName = "marvel-challenge";
			productReference = 1D76361F24BAA03C003F08B3 /* marvel-challenge.app */;
			productType = "com.apple.product-type.application";
		};
		1D76363724BAA042003F08B3 /* marvel-challengeTests */ = {
			isa = PBXNativeTarget;
			buildConfigurationList = 1D76364F24BAA042003F08B3 /* Build configuration list for PBXNativeTarget "marvel-challengeTests" */;
			buildPhases = (
				9BDE7531CE22FD63AD08454C /* [CP] Check Pods Manifest.lock */,
				1D76363424BAA042003F08B3 /* Sources */,
				1D76363524BAA042003F08B3 /* Frameworks */,
				1D76363624BAA042003F08B3 /* Resources */,
			);
			buildRules = (
			);
			dependencies = (
				1D76363A24BAA042003F08B3 /* PBXTargetDependency */,
			);
			name = "marvel-challengeTests";
			productName = "marvel-challengeTests";
			productReference = 1D76363824BAA042003F08B3 /* marvel-challengeTests.xctest */;
			productType = "com.apple.product-type.bundle.unit-test";
		};
		1D76364224BAA042003F08B3 /* marvel-challengeUITests */ = {
			isa = PBXNativeTarget;
			buildConfigurationList = 1D76365224BAA042003F08B3 /* Build configuration list for PBXNativeTarget "marvel-challengeUITests" */;
			buildPhases = (
				BECE71D48B681DC08F82530E /* [CP] Check Pods Manifest.lock */,
				1D76363F24BAA042003F08B3 /* Sources */,
				1D76364024BAA042003F08B3 /* Frameworks */,
				1D76364124BAA042003F08B3 /* Resources */,
				6E4CD3364AECDDF8333B07AC /* [CP] Embed Pods Frameworks */,
			);
			buildRules = (
			);
			dependencies = (
				1D76364524BAA042003F08B3 /* PBXTargetDependency */,
			);
			name = "marvel-challengeUITests";
			productName = "marvel-challengeUITests";
			productReference = 1D76364324BAA042003F08B3 /* marvel-challengeUITests.xctest */;
			productType = "com.apple.product-type.bundle.ui-testing";
		};
/* End PBXNativeTarget section */

/* Begin PBXProject section */
		1D76361724BAA03C003F08B3 /* Project object */ = {
			isa = PBXProject;
			attributes = {
				LastSwiftUpdateCheck = 1130;
				LastUpgradeCheck = 1130;
				ORGANIZATIONNAME = danilo;
				TargetAttributes = {
					1D76361E24BAA03C003F08B3 = {
						CreatedOnToolsVersion = 11.3.1;
					};
					1D76363724BAA042003F08B3 = {
						CreatedOnToolsVersion = 11.3.1;
						TestTargetID = 1D76361E24BAA03C003F08B3;
					};
					1D76364224BAA042003F08B3 = {
						CreatedOnToolsVersion = 11.3.1;
						TestTargetID = 1D76361E24BAA03C003F08B3;
					};
				};
			};
			buildConfigurationList = 1D76361A24BAA03C003F08B3 /* Build configuration list for PBXProject "marvel-challenge" */;
			compatibilityVersion = "Xcode 9.3";
			developmentRegion = en;
			hasScannedForEncodings = 0;
			knownRegions = (
				en,
				Base,
			);
			mainGroup = 1D76361624BAA03C003F08B3;
			productRefGroup = 1D76362024BAA03C003F08B3 /* Products */;
			projectDirPath = "";
			projectRoot = "";
			targets = (
				1D76361E24BAA03C003F08B3 /* marvel-challenge */,
				1D76363724BAA042003F08B3 /* marvel-challengeTests */,
				1D76364224BAA042003F08B3 /* marvel-challengeUITests */,
			);
		};
/* End PBXProject section */

/* Begin PBXResourcesBuildPhase section */
		1D76361D24BAA03C003F08B3 /* Resources */ = {
			isa = PBXResourcesBuildPhase;
			buildActionMask = 2147483647;
			files = (
				1D8D2A7724BAA900001EC399 /* Default-568h@2x.png in Resources */,
				1D76363224BAA041003F08B3 /* LaunchScreen.storyboard in Resources */,
				1D6F65B524BAC2D000F3B5A9 /* FavoritesViewController.xib in Resources */,
				1D76362F24BAA041003F08B3 /* Assets.xcassets in Resources */,
			);
			runOnlyForDeploymentPostprocessing = 0;
		};
		1D76363624BAA042003F08B3 /* Resources */ = {
			isa = PBXResourcesBuildPhase;
			buildActionMask = 2147483647;
			files = (
			);
			runOnlyForDeploymentPostprocessing = 0;
		};
		1D76364124BAA042003F08B3 /* Resources */ = {
			isa = PBXResourcesBuildPhase;
			buildActionMask = 2147483647;
			files = (
			);
			runOnlyForDeploymentPostprocessing = 0;
		};
/* End PBXResourcesBuildPhase section */

/* Begin PBXShellScriptBuildPhase section */
		6E4CD3364AECDDF8333B07AC /* [CP] Embed Pods Frameworks */ = {
			isa = PBXShellScriptBuildPhase;
			buildActionMask = 2147483647;
			files = (
			);
			inputFileListPaths = (
				"${PODS_ROOT}/Target Support Files/Pods-marvel-challenge-marvel-challengeUITests/Pods-marvel-challenge-marvel-challengeUITests-frameworks-${CONFIGURATION}-input-files.xcfilelist",
			);
			name = "[CP] Embed Pods Frameworks";
			outputFileListPaths = (
				"${PODS_ROOT}/Target Support Files/Pods-marvel-challenge-marvel-challengeUITests/Pods-marvel-challenge-marvel-challengeUITests-frameworks-${CONFIGURATION}-output-files.xcfilelist",
			);
			runOnlyForDeploymentPostprocessing = 0;
			shellPath = /bin/sh;
			shellScript = "\"${PODS_ROOT}/Target Support Files/Pods-marvel-challenge-marvel-challengeUITests/Pods-marvel-challenge-marvel-challengeUITests-frameworks.sh\"\n";
			showEnvVarsInLog = 0;
		};
		9BDE7531CE22FD63AD08454C /* [CP] Check Pods Manifest.lock */ = {
			isa = PBXShellScriptBuildPhase;
			buildActionMask = 2147483647;
			files = (
			);
			inputFileListPaths = (
			);
			inputPaths = (
				"${PODS_PODFILE_DIR_PATH}/Podfile.lock",
				"${PODS_ROOT}/Manifest.lock",
			);
			name = "[CP] Check Pods Manifest.lock";
			outputFileListPaths = (
			);
			outputPaths = (
				"$(DERIVED_FILE_DIR)/Pods-marvel-challengeTests-checkManifestLockResult.txt",
			);
			runOnlyForDeploymentPostprocessing = 0;
			shellPath = /bin/sh;
			shellScript = "diff \"${PODS_PODFILE_DIR_PATH}/Podfile.lock\" \"${PODS_ROOT}/Manifest.lock\" > /dev/null\nif [ $? != 0 ] ; then\n    # print error to STDERR\n    echo \"error: The sandbox is not in sync with the Podfile.lock. Run 'pod install' or update your CocoaPods installation.\" >&2\n    exit 1\nfi\n# This output is used by Xcode 'outputs' to avoid re-running this script phase.\necho \"SUCCESS\" > \"${SCRIPT_OUTPUT_FILE_0}\"\n";
			showEnvVarsInLog = 0;
		};
		BECE71D48B681DC08F82530E /* [CP] Check Pods Manifest.lock */ = {
			isa = PBXShellScriptBuildPhase;
			buildActionMask = 2147483647;
			files = (
			);
			inputFileListPaths = (
			);
			inputPaths = (
				"${PODS_PODFILE_DIR_PATH}/Podfile.lock",
				"${PODS_ROOT}/Manifest.lock",
			);
			name = "[CP] Check Pods Manifest.lock";
			outputFileListPaths = (
			);
			outputPaths = (
				"$(DERIVED_FILE_DIR)/Pods-marvel-challenge-marvel-challengeUITests-checkManifestLockResult.txt",
			);
			runOnlyForDeploymentPostprocessing = 0;
			shellPath = /bin/sh;
			shellScript = "diff \"${PODS_PODFILE_DIR_PATH}/Podfile.lock\" \"${PODS_ROOT}/Manifest.lock\" > /dev/null\nif [ $? != 0 ] ; then\n    # print error to STDERR\n    echo \"error: The sandbox is not in sync with the Podfile.lock. Run 'pod install' or update your CocoaPods installation.\" >&2\n    exit 1\nfi\n# This output is used by Xcode 'outputs' to avoid re-running this script phase.\necho \"SUCCESS\" > \"${SCRIPT_OUTPUT_FILE_0}\"\n";
			showEnvVarsInLog = 0;
		};
		E4BCE7B5577D1A5741DFB6EC /* [CP] Embed Pods Frameworks */ = {
			isa = PBXShellScriptBuildPhase;
			buildActionMask = 2147483647;
			files = (
			);
			inputFileListPaths = (
				"${PODS_ROOT}/Target Support Files/Pods-marvel-challenge/Pods-marvel-challenge-frameworks-${CONFIGURATION}-input-files.xcfilelist",
			);
			name = "[CP] Embed Pods Frameworks";
			outputFileListPaths = (
				"${PODS_ROOT}/Target Support Files/Pods-marvel-challenge/Pods-marvel-challenge-frameworks-${CONFIGURATION}-output-files.xcfilelist",
			);
			runOnlyForDeploymentPostprocessing = 0;
			shellPath = /bin/sh;
			shellScript = "\"${PODS_ROOT}/Target Support Files/Pods-marvel-challenge/Pods-marvel-challenge-frameworks.sh\"\n";
			showEnvVarsInLog = 0;
		};
		FAF3643D41DD972C97FEBA99 /* [CP] Check Pods Manifest.lock */ = {
			isa = PBXShellScriptBuildPhase;
			buildActionMask = 2147483647;
			files = (
			);
			inputFileListPaths = (
			);
			inputPaths = (
				"${PODS_PODFILE_DIR_PATH}/Podfile.lock",
				"${PODS_ROOT}/Manifest.lock",
			);
			name = "[CP] Check Pods Manifest.lock";
			outputFileListPaths = (
			);
			outputPaths = (
				"$(DERIVED_FILE_DIR)/Pods-marvel-challenge-checkManifestLockResult.txt",
			);
			runOnlyForDeploymentPostprocessing = 0;
			shellPath = /bin/sh;
			shellScript = "diff \"${PODS_PODFILE_DIR_PATH}/Podfile.lock\" \"${PODS_ROOT}/Manifest.lock\" > /dev/null\nif [ $? != 0 ] ; then\n    # print error to STDERR\n    echo \"error: The sandbox is not in sync with the Podfile.lock. Run 'pod install' or update your CocoaPods installation.\" >&2\n    exit 1\nfi\n# This output is used by Xcode 'outputs' to avoid re-running this script phase.\necho \"SUCCESS\" > \"${SCRIPT_OUTPUT_FILE_0}\"\n";
			showEnvVarsInLog = 0;
		};
/* End PBXShellScriptBuildPhase section */

/* Begin PBXSourcesBuildPhase section */
		1D76361B24BAA03C003F08B3 /* Sources */ = {
			isa = PBXSourcesBuildPhase;
			buildActionMask = 2147483647;
			files = (
				1D76366A24BAA6C1003F08B3 /* CharactersPresenter.swift in Sources */,
				1D8DC87E24BD3E5A005BA6D0 /* UIApplication+Extensions.swift in Sources */,
				1D71248224BAB69A0047D53B /* StoriesModel.swift in Sources */,
				1D76366C24BAA6C1003F08B3 /* CharactersRouter.swift in Sources */,
				1D76367924BAA788003F08B3 /* MainTabBarController.swift in Sources */,
				1D71248424BAB9370047D53B /* StorySummaryModel.swift in Sources */,
				1D8DC87B24BD375D005BA6D0 /* LoadingView.swift in Sources */,
				1D76362324BAA03C003F08B3 /* AppDelegate.swift in Sources */,
				1D71248824BAB9A00047D53B /* EventSummaryModel.swift in Sources */,
				1DB329BD24BB7F49001B4C90 /* MarvelNavigationTitle.swift in Sources */,
				1D6F65B024BAC2D000F3B5A9 /* FavoritesWorker.swift in Sources */,
				1D76362D24BAA03C003F08B3 /* marvel_challenge.xcdatamodeld in Sources */,
				1DB329BF24BBDE1F001B4C90 /* FavoriteContextualAction.swift in Sources */,
				1D6F65B424BAC2D000F3B5A9 /* FavoritesInteractor.swift in Sources */,
				1D71248024BAB69A0047D53B /* CharacterDataWrapperModel.swift in Sources */,
				1D6F65B324BAC2D000F3B5A9 /* FavoritesViewController.swift in Sources */,
				1D919D6B24BD52C800659AE1 /* CharacterEntity+CoreDataClass.swift in Sources */,
				1D71247B24BAB69A0047D53B /* UrlsModel.swift in Sources */,
				1D76366F24BAA6C1003F08B3 /* CharactersInteractor.swift in Sources */,
				1D6F65AD24BABD2900F3B5A9 /* RESTErrors.swift in Sources */,
				1D76366B24BAA6C1003F08B3 /* CharactersWorker.swift in Sources */,
				1D6F65BA24BAD89400F3B5A9 /* MD5.swift in Sources */,
				1D6F65B124BAC2D000F3B5A9 /* FavoritesRouter.swift in Sources */,
				1D71247924BAB69A0047D53B /* ComicsModel.swift in Sources */,
				1D76366324BAA350003F08B3 /* HTTPMethod.swift in Sources */,
				1D76362524BAA03C003F08B3 /* SceneDelegate.swift in Sources */,
				1D76367324BAA715003F08B3 /* CharactersFactory.swift in Sources */,
				1D76366D24BAA6C1003F08B3 /* CharactersModels.swift in Sources */,
				1D6F65B224BAC2D000F3B5A9 /* FavoritesModels.swift in Sources */,
				1D6F65AE24BAC2D000F3B5A9 /* FavoritesPresenter.swift in Sources */,
				1D6F65B824BACD6F00F3B5A9 /* Timestamp.swift in Sources */,
				1D71248124BAB69A0047D53B /* SeriesModel.swift in Sources */,
				1D71247F24BAB69A0047D53B /* CharacterDataContainerModel.swift in Sources */,
				1D71246D24BAAE3E0047D53B /* CharactersAPI.swift in Sources */,
				1D71247C24BAB69A0047D53B /* CharacterModel.swift in Sources */,
				1D76366124BAA350003F08B3 /* RESTRequest.swift in Sources */,
				1D71247E24BAB69A0047D53B /* ComicSummaryModel.swift in Sources */,
				1D71247A24BAB69A0047D53B /* ThumbnailModel.swift in Sources */,
				1D76366224BAA350003F08B3 /* RESTService.swift in Sources */,
				1D71248624BAB9640047D53B /* SeriesSummaryModel.swift in Sources */,
				1D919D6C24BD52C800659AE1 /* CharacterEntity+CoreDataProperties.swift in Sources */,
				1D6F65AF24BAC2D000F3B5A9 /* FavoritesFactory.swift in Sources */,
				1D71247D24BAB69A0047D53B /* EventsModel.swift in Sources */,
				1D71246C24BAAE3E0047D53B /* CharactersNetworkManager.swift in Sources */,
				1D919D5424BD4E8E00659AE1 /* CoreData.swift in Sources */,
				1D76366E24BAA6C1003F08B3 /* CharactersViewController.swift in Sources */,
			);
			runOnlyForDeploymentPostprocessing = 0;
		};
		1D76363424BAA042003F08B3 /* Sources */ = {
			isa = PBXSourcesBuildPhase;
			buildActionMask = 2147483647;
			files = (
				1D76363D24BAA042003F08B3 /* marvel_challengeTests.swift in Sources */,
			);
			runOnlyForDeploymentPostprocessing = 0;
		};
		1D76363F24BAA042003F08B3 /* Sources */ = {
			isa = PBXSourcesBuildPhase;
			buildActionMask = 2147483647;
			files = (
				1D76364824BAA042003F08B3 /* marvel_challengeUITests.swift in Sources */,
			);
			runOnlyForDeploymentPostprocessing = 0;
		};
/* End PBXSourcesBuildPhase section */

/* Begin PBXTargetDependency section */
		1D76363A24BAA042003F08B3 /* PBXTargetDependency */ = {
			isa = PBXTargetDependency;
			target = 1D76361E24BAA03C003F08B3 /* marvel-challenge */;
			targetProxy = 1D76363924BAA042003F08B3 /* PBXContainerItemProxy */;
		};
		1D76364524BAA042003F08B3 /* PBXTargetDependency */ = {
			isa = PBXTargetDependency;
			target = 1D76361E24BAA03C003F08B3 /* marvel-challenge */;
			targetProxy = 1D76364424BAA042003F08B3 /* PBXContainerItemProxy */;
		};
/* End PBXTargetDependency section */

/* Begin PBXVariantGroup section */
		1D76363024BAA041003F08B3 /* LaunchScreen.storyboard */ = {
			isa = PBXVariantGroup;
			children = (
				1D76363124BAA041003F08B3 /* Base */,
			);
			name = LaunchScreen.storyboard;
			sourceTree = "<group>";
		};
/* End PBXVariantGroup section */

/* Begin XCBuildConfiguration section */
		1D76364A24BAA042003F08B3 /* Debug */ = {
			isa = XCBuildConfiguration;
			buildSettings = {
				ALWAYS_SEARCH_USER_PATHS = NO;
				CLANG_ANALYZER_NONNULL = YES;
				CLANG_ANALYZER_NUMBER_OBJECT_CONVERSION = YES_AGGRESSIVE;
				CLANG_CXX_LANGUAGE_STANDARD = "gnu++14";
				CLANG_CXX_LIBRARY = "libc++";
				CLANG_ENABLE_MODULES = YES;
				CLANG_ENABLE_OBJC_ARC = YES;
				CLANG_ENABLE_OBJC_WEAK = YES;
				CLANG_WARN_BLOCK_CAPTURE_AUTORELEASING = YES;
				CLANG_WARN_BOOL_CONVERSION = YES;
				CLANG_WARN_COMMA = YES;
				CLANG_WARN_CONSTANT_CONVERSION = YES;
				CLANG_WARN_DEPRECATED_OBJC_IMPLEMENTATIONS = YES;
				CLANG_WARN_DIRECT_OBJC_ISA_USAGE = YES_ERROR;
				CLANG_WARN_DOCUMENTATION_COMMENTS = YES;
				CLANG_WARN_EMPTY_BODY = YES;
				CLANG_WARN_ENUM_CONVERSION = YES;
				CLANG_WARN_INFINITE_RECURSION = YES;
				CLANG_WARN_INT_CONVERSION = YES;
				CLANG_WARN_NON_LITERAL_NULL_CONVERSION = YES;
				CLANG_WARN_OBJC_IMPLICIT_RETAIN_SELF = YES;
				CLANG_WARN_OBJC_LITERAL_CONVERSION = YES;
				CLANG_WARN_OBJC_ROOT_CLASS = YES_ERROR;
				CLANG_WARN_RANGE_LOOP_ANALYSIS = YES;
				CLANG_WARN_STRICT_PROTOTYPES = YES;
				CLANG_WARN_SUSPICIOUS_MOVE = YES;
				CLANG_WARN_UNGUARDED_AVAILABILITY = YES_AGGRESSIVE;
				CLANG_WARN_UNREACHABLE_CODE = YES;
				CLANG_WARN__DUPLICATE_METHOD_MATCH = YES;
				COPY_PHASE_STRIP = NO;
				DEBUG_INFORMATION_FORMAT = dwarf;
				ENABLE_STRICT_OBJC_MSGSEND = YES;
				ENABLE_TESTABILITY = YES;
				GCC_C_LANGUAGE_STANDARD = gnu11;
				GCC_DYNAMIC_NO_PIC = NO;
				GCC_NO_COMMON_BLOCKS = YES;
				GCC_OPTIMIZATION_LEVEL = 0;
				GCC_PREPROCESSOR_DEFINITIONS = (
					"DEBUG=1",
					"$(inherited)",
				);
				GCC_WARN_64_TO_32_BIT_CONVERSION = YES;
				GCC_WARN_ABOUT_RETURN_TYPE = YES_ERROR;
				GCC_WARN_UNDECLARED_SELECTOR = YES;
				GCC_WARN_UNINITIALIZED_AUTOS = YES_AGGRESSIVE;
				GCC_WARN_UNUSED_FUNCTION = YES;
				GCC_WARN_UNUSED_VARIABLE = YES;
				IPHONEOS_DEPLOYMENT_TARGET = 13.2;
				MTL_ENABLE_DEBUG_INFO = INCLUDE_SOURCE;
				MTL_FAST_MATH = YES;
				ONLY_ACTIVE_ARCH = YES;
				SDKROOT = iphoneos;
				SWIFT_ACTIVE_COMPILATION_CONDITIONS = DEBUG;
				SWIFT_OPTIMIZATION_LEVEL = "-Onone";
			};
			name = Debug;
		};
		1D76364B24BAA042003F08B3 /* Release */ = {
			isa = XCBuildConfiguration;
			buildSettings = {
				ALWAYS_SEARCH_USER_PATHS = NO;
				CLANG_ANALYZER_NONNULL = YES;
				CLANG_ANALYZER_NUMBER_OBJECT_CONVERSION = YES_AGGRESSIVE;
				CLANG_CXX_LANGUAGE_STANDARD = "gnu++14";
				CLANG_CXX_LIBRARY = "libc++";
				CLANG_ENABLE_MODULES = YES;
				CLANG_ENABLE_OBJC_ARC = YES;
				CLANG_ENABLE_OBJC_WEAK = YES;
				CLANG_WARN_BLOCK_CAPTURE_AUTORELEASING = YES;
				CLANG_WARN_BOOL_CONVERSION = YES;
				CLANG_WARN_COMMA = YES;
				CLANG_WARN_CONSTANT_CONVERSION = YES;
				CLANG_WARN_DEPRECATED_OBJC_IMPLEMENTATIONS = YES;
				CLANG_WARN_DIRECT_OBJC_ISA_USAGE = YES_ERROR;
				CLANG_WARN_DOCUMENTATION_COMMENTS = YES;
				CLANG_WARN_EMPTY_BODY = YES;
				CLANG_WARN_ENUM_CONVERSION = YES;
				CLANG_WARN_INFINITE_RECURSION = YES;
				CLANG_WARN_INT_CONVERSION = YES;
				CLANG_WARN_NON_LITERAL_NULL_CONVERSION = YES;
				CLANG_WARN_OBJC_IMPLICIT_RETAIN_SELF = YES;
				CLANG_WARN_OBJC_LITERAL_CONVERSION = YES;
				CLANG_WARN_OBJC_ROOT_CLASS = YES_ERROR;
				CLANG_WARN_RANGE_LOOP_ANALYSIS = YES;
				CLANG_WARN_STRICT_PROTOTYPES = YES;
				CLANG_WARN_SUSPICIOUS_MOVE = YES;
				CLANG_WARN_UNGUARDED_AVAILABILITY = YES_AGGRESSIVE;
				CLANG_WARN_UNREACHABLE_CODE = YES;
				CLANG_WARN__DUPLICATE_METHOD_MATCH = YES;
				COPY_PHASE_STRIP = NO;
				DEBUG_INFORMATION_FORMAT = "dwarf-with-dsym";
				ENABLE_NS_ASSERTIONS = NO;
				ENABLE_STRICT_OBJC_MSGSEND = YES;
				GCC_C_LANGUAGE_STANDARD = gnu11;
				GCC_NO_COMMON_BLOCKS = YES;
				GCC_WARN_64_TO_32_BIT_CONVERSION = YES;
				GCC_WARN_ABOUT_RETURN_TYPE = YES_ERROR;
				GCC_WARN_UNDECLARED_SELECTOR = YES;
				GCC_WARN_UNINITIALIZED_AUTOS = YES_AGGRESSIVE;
				GCC_WARN_UNUSED_FUNCTION = YES;
				GCC_WARN_UNUSED_VARIABLE = YES;
				IPHONEOS_DEPLOYMENT_TARGET = 13.2;
				MTL_ENABLE_DEBUG_INFO = NO;
				MTL_FAST_MATH = YES;
				SDKROOT = iphoneos;
				SWIFT_COMPILATION_MODE = wholemodule;
				SWIFT_OPTIMIZATION_LEVEL = "-O";
				VALIDATE_PRODUCT = YES;
			};
			name = Release;
		};
		1D76364D24BAA042003F08B3 /* Debug */ = {
			isa = XCBuildConfiguration;
			baseConfigurationReference = 3C6EDB5DA018F2BD06BE3DA0 /* Pods-marvel-challenge.debug.xcconfig */;
			buildSettings = {
				ASSETCATALOG_COMPILER_APPICON_NAME = AppIcon;
				CODE_SIGN_STYLE = Automatic;
				INFOPLIST_FILE = "$(SRCROOT)/marvel-challenge/Base/Info.plist";
				IPHONEOS_DEPLOYMENT_TARGET = 13.2;
				LD_RUNPATH_SEARCH_PATHS = (
					"$(inherited)",
					"@executable_path/Frameworks",
				);
				PRODUCT_BUNDLE_IDENTIFIER = "danilo.marvel-challenge";
				PRODUCT_NAME = "$(TARGET_NAME)";
				SWIFT_VERSION = 5.0;
				TARGETED_DEVICE_FAMILY = "1,2";
			};
			name = Debug;
		};
		1D76364E24BAA042003F08B3 /* Release */ = {
			isa = XCBuildConfiguration;
			baseConfigurationReference = 5C167842AD65F850FA417A24 /* Pods-marvel-challenge.release.xcconfig */;
			buildSettings = {
				ASSETCATALOG_COMPILER_APPICON_NAME = AppIcon;
				CODE_SIGN_STYLE = Automatic;
				INFOPLIST_FILE = "$(SRCROOT)/marvel-challenge/Base/Info.plist";
				IPHONEOS_DEPLOYMENT_TARGET = 13.2;
				LD_RUNPATH_SEARCH_PATHS = (
					"$(inherited)",
					"@executable_path/Frameworks",
				);
				PRODUCT_BUNDLE_IDENTIFIER = "danilo.marvel-challenge";
				PRODUCT_NAME = "$(TARGET_NAME)";
				SWIFT_VERSION = 5.0;
				TARGETED_DEVICE_FAMILY = "1,2";
			};
			name = Release;
		};
		1D76365024BAA042003F08B3 /* Debug */ = {
			isa = XCBuildConfiguration;
			baseConfigurationReference = 272D38A53B7B923AE8F04617 /* Pods-marvel-challengeTests.debug.xcconfig */;
			buildSettings = {
				ALWAYS_EMBED_SWIFT_STANDARD_LIBRARIES = YES;
				BUNDLE_LOADER = "$(TEST_HOST)";
				CODE_SIGN_STYLE = Automatic;
				INFOPLIST_FILE = "marvel-challengeTests/Info.plist";
				IPHONEOS_DEPLOYMENT_TARGET = 13.2;
				LD_RUNPATH_SEARCH_PATHS = (
					"$(inherited)",
					"@executable_path/Frameworks",
					"@loader_path/Frameworks",
				);
				PRODUCT_BUNDLE_IDENTIFIER = "danilo.marvel-challengeTests";
				PRODUCT_NAME = "$(TARGET_NAME)";
				SWIFT_VERSION = 5.0;
				TARGETED_DEVICE_FAMILY = "1,2";
				TEST_HOST = "$(BUILT_PRODUCTS_DIR)/marvel-challenge.app/marvel-challenge";
			};
			name = Debug;
		};
		1D76365124BAA042003F08B3 /* Release */ = {
			isa = XCBuildConfiguration;
			baseConfigurationReference = 0D6C954D979BD96FCAD5C2BE /* Pods-marvel-challengeTests.release.xcconfig */;
			buildSettings = {
				ALWAYS_EMBED_SWIFT_STANDARD_LIBRARIES = YES;
				BUNDLE_LOADER = "$(TEST_HOST)";
				CODE_SIGN_STYLE = Automatic;
				INFOPLIST_FILE = "marvel-challengeTests/Info.plist";
				IPHONEOS_DEPLOYMENT_TARGET = 13.2;
				LD_RUNPATH_SEARCH_PATHS = (
					"$(inherited)",
					"@executable_path/Frameworks",
					"@loader_path/Frameworks",
				);
				PRODUCT_BUNDLE_IDENTIFIER = "danilo.marvel-challengeTests";
				PRODUCT_NAME = "$(TARGET_NAME)";
				SWIFT_VERSION = 5.0;
				TARGETED_DEVICE_FAMILY = "1,2";
				TEST_HOST = "$(BUILT_PRODUCTS_DIR)/marvel-challenge.app/marvel-challenge";
			};
			name = Release;
		};
		1D76365324BAA042003F08B3 /* Debug */ = {
			isa = XCBuildConfiguration;
			baseConfigurationReference = 9EF379D1D4DFD1D503713C17 /* Pods-marvel-challenge-marvel-challengeUITests.debug.xcconfig */;
			buildSettings = {
				ALWAYS_EMBED_SWIFT_STANDARD_LIBRARIES = YES;
				CODE_SIGN_STYLE = Automatic;
				INFOPLIST_FILE = "marvel-challengeUITests/Info.plist";
				LD_RUNPATH_SEARCH_PATHS = (
					"$(inherited)",
					"@executable_path/Frameworks",
					"@loader_path/Frameworks",
				);
				PRODUCT_BUNDLE_IDENTIFIER = "danilo.marvel-challengeUITests";
				PRODUCT_NAME = "$(TARGET_NAME)";
				SWIFT_VERSION = 5.0;
				TARGETED_DEVICE_FAMILY = "1,2";
				TEST_TARGET_NAME = "marvel-challenge";
			};
			name = Debug;
		};
		1D76365424BAA042003F08B3 /* Release */ = {
			isa = XCBuildConfiguration;
			baseConfigurationReference = D461CF258ADC50B424CF3908 /* Pods-marvel-challenge-marvel-challengeUITests.release.xcconfig */;
			buildSettings = {
				ALWAYS_EMBED_SWIFT_STANDARD_LIBRARIES = YES;
				CODE_SIGN_STYLE = Automatic;
				INFOPLIST_FILE = "marvel-challengeUITests/Info.plist";
				LD_RUNPATH_SEARCH_PATHS = (
					"$(inherited)",
					"@executable_path/Frameworks",
					"@loader_path/Frameworks",
				);
				PRODUCT_BUNDLE_IDENTIFIER = "danilo.marvel-challengeUITests";
				PRODUCT_NAME = "$(TARGET_NAME)";
				SWIFT_VERSION = 5.0;
				TARGETED_DEVICE_FAMILY = "1,2";
				TEST_TARGET_NAME = "marvel-challenge";
			};
			name = Release;
		};
/* End XCBuildConfiguration section */

/* Begin XCConfigurationList section */
		1D76361A24BAA03C003F08B3 /* Build configuration list for PBXProject "marvel-challenge" */ = {
			isa = XCConfigurationList;
			buildConfigurations = (
				1D76364A24BAA042003F08B3 /* Debug */,
				1D76364B24BAA042003F08B3 /* Release */,
			);
			defaultConfigurationIsVisible = 0;
			defaultConfigurationName = Release;
		};
		1D76364C24BAA042003F08B3 /* Build configuration list for PBXNativeTarget "marvel-challenge" */ = {
			isa = XCConfigurationList;
			buildConfigurations = (
				1D76364D24BAA042003F08B3 /* Debug */,
				1D76364E24BAA042003F08B3 /* Release */,
			);
			defaultConfigurationIsVisible = 0;
			defaultConfigurationName = Release;
		};
		1D76364F24BAA042003F08B3 /* Build configuration list for PBXNativeTarget "marvel-challengeTests" */ = {
			isa = XCConfigurationList;
			buildConfigurations = (
				1D76365024BAA042003F08B3 /* Debug */,
				1D76365124BAA042003F08B3 /* Release */,
			);
			defaultConfigurationIsVisible = 0;
			defaultConfigurationName = Release;
		};
		1D76365224BAA042003F08B3 /* Build configuration list for PBXNativeTarget "marvel-challengeUITests" */ = {
			isa = XCConfigurationList;
			buildConfigurations = (
				1D76365324BAA042003F08B3 /* Debug */,
				1D76365424BAA042003F08B3 /* Release */,
			);
			defaultConfigurationIsVisible = 0;
			defaultConfigurationName = Release;
		};
/* End XCConfigurationList section */

/* Begin XCVersionGroup section */
		1D76362B24BAA03C003F08B3 /* marvel_challenge.xcdatamodeld */ = {
			isa = XCVersionGroup;
			children = (
				1D76362C24BAA03C003F08B3 /* marvel_challenge.xcdatamodel */,
			);
			currentVersion = 1D76362C24BAA03C003F08B3 /* marvel_challenge.xcdatamodel */;
			path = marvel_challenge.xcdatamodeld;
			sourceTree = "<group>";
			versionGroupType = wrapper.xcdatamodel;
		};
/* End XCVersionGroup section */
	};
	rootObject = 1D76361724BAA03C003F08B3 /* Project object */;
}
